<?xml version="1.0" encoding="utf-8"?>
<Project ToolsVersion="4.0" xmlns="http://schemas.microsoft.com/developer/msbuild/2003">
  <ItemGroup>
    <Filter Include="Source Files">
      <UniqueIdentifier>{17a9e6ca-ccaf-435b-a9df-dc0d6447f344}</UniqueIdentifier>
      <Extensions>cpp;c;cxx;rc;def;r;odl;idl;hpj;bat</Extensions>
    </Filter>
    <Filter Include="Header Files">
      <UniqueIdentifier>{ada296b5-f065-41f5-9503-9b8e94e2a8d3}</UniqueIdentifier>
      <Extensions>h;hpp;hxx;hm;inl</Extensions>
    </Filter>
    <Filter Include="Resource Files">
      <UniqueIdentifier>{3cfbf7ec-ac7f-4897-b9c7-d0564ba3510d}</UniqueIdentifier>
      <Extensions>ico;cur;bmp;dlg;rc2;rct;bin;rgs;gif;jpg;jpeg;jpe</Extensions>
    </Filter>
  </ItemGroup>
  <ItemGroup>
    <ClCompile Include="DecodeRoutines.cpp">
      <Filter>Source Files</Filter>
    </ClCompile>
    <ClCompile Include="DisplayAndTrace.cpp">
      <Filter>Source Files</Filter>
    </ClCompile>
    <ClCompile Include="FileRoutines.cpp">
      <Filter>Source Files</Filter>
    </ClCompile>
    <ClCompile Include="FileTime.cpp">
      <Filter>Source Files</Filter>
    </ClCompile>
    <ClCompile Include="MimeRoutines.cpp">
      <Filter>Source Files</Filter>
    </ClCompile>
    <ClCompile Include="OEAddressRoutines.cpp">
      <Filter>Source Files</Filter>
    </ClCompile>
    <ClCompile Include="OEMessagesRoutines.cpp">
      <Filter>Source Files</Filter>
    </ClCompile>
    <ClCompile Include="RemoveStringsRoutines.cpp">
      <Filter>Source Files</Filter>
    </ClCompile>
    <ClCompile Include="TextRoutines.cpp">
      <Filter>Source Files</Filter>
    </ClCompile>
    <ClCompile Include="OE5Extract.cpp">
      <Filter>Source Files</Filter>
    </ClCompile>
  </ItemGroup>
  <ItemGroup>
    <ResourceCompile Include="OE5Extract.rc">
      <Filter>Source Files</Filter>
    </ResourceCompile>
  </ItemGroup>
  <ItemGroup>
    <ClInclude Include="AutomaticVersionHeader.h">
      <Filter>Header Files</Filter>
    </ClInclude>
    <ClInclude Include="DecodeRoutines.h">
      <Filter>Header Files</Filter>
    </ClInclude>
    <ClInclude Include="DisplayAndTrace.h">
      <Filter>Header Files</Filter>
    </ClInclude>
    <ClInclude Include="FileRoutines.h">
      <Filter>Header Files</Filter>
    </ClInclude>
    <ClInclude Include="FileTime.h">
      <Filter>Header Files</Filter>
    </ClInclude>
    <ClInclude Include="MimeRoutines.h">
      <Filter>Header Files</Filter>
    </ClInclude>
    <ClInclude Include="OEAddressDefinitions.h">
      <Filter>Header Files</Filter>
    </ClInclude>
    <ClInclude Include="OEAddressRoutines.h">
      <Filter>Header Files</Filter>
    </ClInclude>
    <ClInclude Include="OEMessagesRoutines.h">
      <Filter>Header Files</Filter>
    </ClInclude>
    <ClInclude Include="RemoveStringsRoutines.h">
      <Filter>Header Files</Filter>
    </ClInclude>
    <ClInclude Include="resource.h">
      <Filter>Header Files</Filter>
    </ClInclude>
    <ClInclude Include="stdafx.h">
      <Filter>Header Files</Filter>
    </ClInclude>
    <ClInclude Include="TextRoutines.h">
      <Filter>Header Files</Filter>
    </ClInclude>
    <ClInclude Include="OE5ExtractDefinitions.h">
      <Filter>Header Files</Filter>
    </ClInclude>
    <ClInclude Include="AutomaticCompilerVersion.h">
      <Filter>Header Files</Filter>
    </ClInclude>
  </ItemGroup>
  <ItemGroup>
    <None Include="WOE5ExtractDoc.ico">
      <Filter>Resource Files</Filter>
    </None>
  </ItemGroup>
</Project>