<?xml version="1.0" encoding="utf-8"?>
<Project ToolsVersion="4.0" xmlns="http://schemas.microsoft.com/developer/msbuild/2003">
  <ItemGroup>
    <Filter Include="Source Files">
      <UniqueIdentifier>{56a8dde8-34a9-4d3e-ba95-39e22f3c92b2}</UniqueIdentifier>
      <Extensions>cpp;c;cxx;rc;def;r;odl;idl;hpj;bat</Extensions>
    </Filter>
    <Filter Include="Header Files">
      <UniqueIdentifier>{34be0807-3de4-4dc1-85f6-9694c94f0f8d}</UniqueIdentifier>
      <Extensions>h;hpp;hxx;hm;inl</Extensions>
    </Filter>
    <Filter Include="Resource Files">
      <UniqueIdentifier>{447e4c30-12dd-4f49-b4b3-f533d7603690}</UniqueIdentifier>
      <Extensions>ico;cur;bmp;dlg;rc2;rct;bin;rgs;gif;jpg;jpeg;jpe</Extensions>
    </Filter>
  </ItemGroup>
  <ItemGroup>
    <ClCompile Include="AttFmtComboBox.cpp">
      <Filter>Source Files</Filter>
    </ClCompile>
    <ClCompile Include="DateTime.cpp">
      <Filter>Source Files</Filter>
    </ClCompile>
    <ClCompile Include="ExtractingDialog.cpp">
      <Filter>Source Files</Filter>
    </ClCompile>
    <ClCompile Include="ExtractingThread.cpp">
      <Filter>Source Files</Filter>
    </ClCompile>
    <ClCompile Include="LoadingDialog.cpp">
      <Filter>Source Files</Filter>
    </ClCompile>
    <ClCompile Include="LoadingThread.cpp">
      <Filter>Source Files</Filter>
    </ClCompile>
    <ClCompile Include="MainFrm.cpp">
      <Filter>Source Files</Filter>
    </ClCompile>
    <ClCompile Include="MsgFmtComboBox.cpp">
      <Filter>Source Files</Filter>
    </ClCompile>
    <ClCompile Include="PreferencesDialog.cpp">
      <Filter>Source Files</Filter>
    </ClCompile>
    <ClCompile Include="ProgressDialog.cpp">
      <Filter>Source Files</Filter>
    </ClCompile>
    <ClCompile Include="ProgressThread.cpp">
      <Filter>Source Files</Filter>
    </ClCompile>
    <ClCompile Include="StdAfx.cpp">
      <Filter>Source Files</Filter>
    </ClCompile>
    <ClCompile Include="WOE5Extract.cpp">
      <Filter>Source Files</Filter>
    </ClCompile>
    <ClCompile Include="WOE5ExtractDoc.cpp">
      <Filter>Source Files</Filter>
    </ClCompile>
    <ClCompile Include="WOE5ExtractView.cpp">
      <Filter>Source Files</Filter>
    </ClCompile>
    <ClCompile Include="..\OE5Extract\DecodeRoutines.cpp">
      <Filter>Source Files</Filter>
    </ClCompile>
    <ClCompile Include="..\OE5Extract\DisplayAndTrace.cpp">
      <Filter>Source Files</Filter>
    </ClCompile>
    <ClCompile Include="..\OE5Extract\FileRoutines.cpp">
      <Filter>Source Files</Filter>
    </ClCompile>
    <ClCompile Include="..\OE5Extract\FileTime.cpp">
      <Filter>Source Files</Filter>
    </ClCompile>
    <ClCompile Include="..\OE5Extract\MimeRoutines.cpp">
      <Filter>Source Files</Filter>
    </ClCompile>
    <ClCompile Include="..\OE5Extract\OEAddressRoutines.cpp">
      <Filter>Source Files</Filter>
    </ClCompile>
    <ClCompile Include="..\OE5Extract\OEMessagesRoutines.cpp">
      <Filter>Source Files</Filter>
    </ClCompile>
    <ClCompile Include="..\OE5Extract\RemoveStringsRoutines.cpp">
      <Filter>Source Files</Filter>
    </ClCompile>
    <ClCompile Include="..\OE5Extract\TextRoutines.cpp">
      <Filter>Source Files</Filter>
    </ClCompile>
  </ItemGroup>
  <ItemGroup>
    <ResourceCompile Include="WOE5Extract.rc">
      <Filter>Source Files</Filter>
    </ResourceCompile>
  </ItemGroup>
  <ItemGroup>
    <ClInclude Include="AttFmtComboBox.h">
      <Filter>Header Files</Filter>
    </ClInclude>
    <ClInclude Include="AutomaticVersionHeader.h">
      <Filter>Header Files</Filter>
    </ClInclude>
    <ClInclude Include="DateTime.h">
      <Filter>Header Files</Filter>
    </ClInclude>
    <ClInclude Include="ExtractingDialog.h">
      <Filter>Header Files</Filter>
    </ClInclude>
    <ClInclude Include="ExtractingThread.h">
      <Filter>Header Files</Filter>
    </ClInclude>
    <ClInclude Include="LoadingDialog.h">
      <Filter>Header Files</Filter>
    </ClInclude>
    <ClInclude Include="LoadingThread.h">
      <Filter>Header Files</Filter>
    </ClInclude>
    <ClInclude Include="MainFrm.h">
      <Filter>Header Files</Filter>
    </ClInclude>
    <ClInclude Include="MsgFmtComboBox.h">
      <Filter>Header Files</Filter>
    </ClInclude>
    <ClInclude Include="PreferencesDialog.h">
      <Filter>Header Files</Filter>
    </ClInclude>
    <ClInclude Include="ProgressDialog.h">
      <Filter>Header Files</Filter>
    </ClInclude>
    <ClInclude Include="ProgressThread.h">
      <Filter>Header Files</Filter>
    </ClInclude>
    <ClInclude Include="Resource.h">
      <Filter>Header Files</Filter>
    </ClInclude>
    <ClInclude Include="StdAfx.h">
      <Filter>Header Files</Filter>
    </ClInclude>
    <ClInclude Include="WOE5Extract.h">
      <Filter>Header Files</Filter>
    </ClInclude>
    <ClInclude Include="WOE5ExtractDoc.h">
      <Filter>Header Files</Filter>
    </ClInclude>
    <ClInclude Include="WOE5ExtractView.h">
      <Filter>Header Files</Filter>
    </ClInclude>
    <ClInclude Include="..\OE5Extract\DecodeRoutines.h">
      <Filter>Header Files</Filter>
    </ClInclude>
    <ClInclude Include="..\OE5Extract\DisplayAndTrace.h">
      <Filter>Header Files</Filter>
    </ClInclude>
    <ClInclude Include="..\OE5Extract\FileRoutines.h">
      <Filter>Header Files</Filter>
    </ClInclude>
    <ClInclude Include="..\OE5Extract\FileTime.h">
      <Filter>Header Files</Filter>
    </ClInclude>
    <ClInclude Include="..\OE5Extract\MimeRoutines.h">
      <Filter>Header Files</Filter>
    </ClInclude>
    <ClInclude Include="..\OE5Extract\OEAddressDefinitions.h">
      <Filter>Header Files</Filter>
    </ClInclude>
    <ClInclude Include="..\OE5Extract\OEAddressRoutines.h">
      <Filter>Header Files</Filter>
    </ClInclude>
    <ClInclude Include="..\OE5Extract\OEMessagesRoutines.h">
      <Filter>Header Files</Filter>
    </ClInclude>
    <ClInclude Include="..\OE5Extract\RemoveStringsRoutines.h">
      <Filter>Header Files</Filter>
    </ClInclude>
    <ClInclude Include="..\OE5Extract\TextRoutines.h">
      <Filter>Header Files</Filter>
    </ClInclude>
    <ClInclude Include="AutomaticCompilerVersion.h">
      <Filter>Header Files</Filter>
    </ClInclude>
  </ItemGroup>
  <ItemGroup>
    <None Include="res\ascendin.bmp">
      <Filter>Resource Files</Filter>
    </None>
    <None Include="res\attachem.bmp">
      <Filter>Resource Files</Filter>
    </None>
    <None Include="res\bmp00001.bmp">
      <Filter>Resource Files</Filter>
    </None>
    <None Include="res\Icon_5.ico">
      <Filter>Resource Files</Filter>
    </None>
    <None Include="res\Timbre.bmp">
      <Filter>Resource Files</Filter>
    </None>
    <None Include="res\Toolbar.bmp">
      <Filter>Resource Files</Filter>
    </None>
    <None Include="res\WOE5Extract.ico">
      <Filter>Resource Files</Filter>
    </None>
    <None Include="res\WOE5Extract.rc2">
      <Filter>Resource Files</Filter>
    </None>
    <None Include="res\WOE5ExtractDoc.ico">
      <Filter>Resource Files</Filter>
    </None>
    <None Include="ReadMe.txt" />
  </ItemGroup>
</Project>